# THIS IS AN AUTOGENERATED FILE. DO NOT EDIT THIS FILE DIRECTLY.
# yarn lockfile v1


app-module-path@^2.2.0:
  version "2.2.0"
  resolved "https://registry.yarnpkg.com/app-module-path/-/app-module-path-2.2.0.tgz#641aa55dfb7d6a6f0a8141c4b9c0aa50b6c24dd5"

argly@^1.0.0:
  version "1.2.0"
  resolved "https://registry.yarnpkg.com/argly/-/argly-1.2.0.tgz#2b274e4551a29ff5e7199d2ed9788eb66ed36e60"

assertion-error@^1.0.1:
  version "1.0.2"
  resolved "https://registry.yarnpkg.com/assertion-error/-/assertion-error-1.0.2.tgz#13ca515d86206da0bac66e834dd397d87581094c"

balanced-match@^1.0.0:
  version "1.0.0"
  resolved "https://registry.yarnpkg.com/balanced-match/-/balanced-match-1.0.0.tgz#89b4d199ab2bee49de164ea02b89ce462d71b767"

brace-expansion@^1.1.7:
  version "1.1.8"
  resolved "https://registry.yarnpkg.com/brace-expansion/-/brace-expansion-1.1.8.tgz#c07b211c7c952ec1f8efd51a77ef0d1d3990a292"
  dependencies:
    balanced-match "^1.0.0"
    concat-map "0.0.1"

browser-refresh-client@^1.0.0:
  version "1.1.4"
  resolved "https://registry.yarnpkg.com/browser-refresh-client/-/browser-refresh-client-1.1.4.tgz#8e5ff8475fe1d541d2ae81f7a1aea05ae21a6217"

chai@^3.5.0:
  version "3.5.0"
  resolved "https://registry.yarnpkg.com/chai/-/chai-3.5.0.tgz#4d02637b067fe958bdbfdd3a40ec56fef7373247"
  dependencies:
    assertion-error "^1.0.1"
    deep-eql "^0.1.3"
    type-detect "^1.0.0"

char-props@^0.1.5, char-props@~0.1.5:
  version "0.1.5"
  resolved "https://registry.yarnpkg.com/char-props/-/char-props-0.1.5.tgz#5b952f9e20ea21cd08ca7fe135a10f6fe91c109e"

complain@^1.0.0, complain@^1.2.0:
  version "1.2.0"
  resolved "https://registry.yarnpkg.com/complain/-/complain-1.2.0.tgz#85964a2d95ac785d95b004a85dfac8d378293532"
  dependencies:
    error-stack-parser "^2.0.1"

concat-map@0.0.1:
  version "0.0.1"
  resolved "https://registry.yarnpkg.com/concat-map/-/concat-map-0.0.1.tgz#d8a96bd77fd68df7793a73036a3ba0d5405d477b"

deep-eql@^0.1.3:
  version "0.1.3"
  resolved "https://registry.yarnpkg.com/deep-eql/-/deep-eql-0.1.3.tgz#ef558acab8de25206cd713906d74e56930eb69f2"
  dependencies:
    type-detect "0.1.1"

deep-is@~0.1.3:
  version "0.1.3"
  resolved "https://registry.yarnpkg.com/deep-is/-/deep-is-0.1.3.tgz#b369d6fb5dbc13eecf524f91b070feedc357cf34"

deresolve@^1.1.2:
  version "1.1.2"
  resolved "https://registry.yarnpkg.com/deresolve/-/deresolve-1.1.2.tgz#9cf2379c8d2d631dc4b9957294b90e4a72cb6ce0"
  dependencies:
    lasso-package-root "^1.0.0"
    raptor-polyfill "^1.0.2"
    resolve-from "^1.0.1"

error-stack-parser@^2.0.1:
  version "2.0.1"
  resolved "https://registry.yarnpkg.com/error-stack-parser/-/error-stack-parser-2.0.1.tgz#a3202b8fb03114aa9b40a0e3669e48b2b65a010a"
  dependencies:
    stackframe "^1.0.3"

escodegen@^1.8.1:
  version "1.9.0"
  resolved "https://registry.yarnpkg.com/escodegen/-/escodegen-1.9.0.tgz#9811a2f265dc1cd3894420ee3717064b632b8852"
  dependencies:
    esprima "^3.1.3"
    estraverse "^4.2.0"
    esutils "^2.0.2"
    optionator "^0.8.1"
  optionalDependencies:
    source-map "~0.5.6"

esprima@^3.1.3:
  version "3.1.3"
  resolved "https://registry.yarnpkg.com/esprima/-/esprima-3.1.3.tgz#fdca51cee6133895e3c88d535ce49dbff62a4633"

esprima@^4.0.0:
  version "4.0.0"
  resolved "https://registry.yarnpkg.com/esprima/-/esprima-4.0.0.tgz#4499eddcd1110e0b218bacf2fa7f7f59f55ca804"

estraverse@^4.2.0:
  version "4.2.0"
  resolved "https://registry.yarnpkg.com/estraverse/-/estraverse-4.2.0.tgz#0dee3fed31fcd469618ce7342099fc1afa0bdb13"

esutils@^2.0.2:
  version "2.0.2"
  resolved "https://registry.yarnpkg.com/esutils/-/esutils-2.0.2.tgz#0abf4f1caa5bcb1f7a9d8acc6dea4faaa04bac9b"

events-light@^1.0.0:
  version "1.0.5"
  resolved "https://registry.yarnpkg.com/events-light/-/events-light-1.0.5.tgz#964e63450ba0af4a6b022aa955b17ffef657b5ee"
  dependencies:
    chai "^3.5.0"

events@^1.0.2:
  version "1.1.1"
  resolved "https://registry.yarnpkg.com/events/-/events-1.1.1.tgz#9ebdb7635ad099c70dcc4c2a1f5004288e8bd924"

fast-levenshtein@~2.0.4:
  version "2.0.6"
  resolved "https://registry.yarnpkg.com/fast-levenshtein/-/fast-levenshtein-2.0.6.tgz#3d8a5c66883a16a30ca8643e851f19baa7797917"

he@^1.1.0:
  version "1.1.1"
  resolved "https://registry.yarnpkg.com/he/-/he-1.1.1.tgz#93410fd21b009735151f8868c2f271f3427e23fd"

htmljs-parser@^2.3.2:
  version "2.3.2"
  resolved "https://registry.yarnpkg.com/htmljs-parser/-/htmljs-parser-2.3.2.tgz#1cc5bf9824a091c28820b33eaf78083a8eaa856c"
  dependencies:
    char-props "^0.1.5"
    complain "^1.0.0"

lasso-caching-fs@^1.0.0, lasso-caching-fs@^1.0.1:
  version "1.0.2"
  resolved "https://registry.yarnpkg.com/lasso-caching-fs/-/lasso-caching-fs-1.0.2.tgz#9be4eb1f06aac1260344caeaef42c2f0086eb10d"
  dependencies:
    raptor-async "^1.1.2"

lasso-modules-client@^2.0.4:
  version "2.0.5"
  resolved "https://registry.yarnpkg.com/lasso-modules-client/-/lasso-modules-client-2.0.5.tgz#d9a06724a900977636971667ee9c170d2fc4dd28"
  dependencies:
    lasso-package-root "^1.0.0"
    raptor-polyfill "^1.0.2"

lasso-package-root@^1.0.0, lasso-package-root@^1.0.1:
  version "1.0.1"
  resolved "https://registry.yarnpkg.com/lasso-package-root/-/lasso-package-root-1.0.1.tgz#997d0e71f41d03c5f0fa09a5bc298d796f8b2c23"
  dependencies:
    lasso-caching-fs "^1.0.0"

levn@~0.3.0:
  version "0.3.0"
  resolved "https://registry.yarnpkg.com/levn/-/levn-0.3.0.tgz#3b09924edf9f083c0490fdd4c0bc4421e04764ee"
  dependencies:
    prelude-ls "~1.1.2"
    type-check "~0.3.2"

listener-tracker@^2.0.0:
  version "2.0.0"
  resolved "https://registry.yarnpkg.com/listener-tracker/-/listener-tracker-2.0.0.tgz#39608b435c0901fa5510217c1452728d6bc19b5f"

marko@^4.7.4:
  version "4.7.4"
  resolved "https://registry.yarnpkg.com/marko/-/marko-4.7.4.tgz#7f6ed200cb0934dc6bd8b345093d91846dd13133"
  dependencies:
    app-module-path "^2.2.0"
    argly "^1.0.0"
    browser-refresh-client "^1.0.0"
    char-props "~0.1.5"
    complain "^1.2.0"
    deresolve "^1.1.2"
    escodegen "^1.8.1"
    esprima "^4.0.0"
    estraverse "^4.2.0"
    events "^1.0.2"
    events-light "^1.0.0"
    he "^1.1.0"
    htmljs-parser "^2.3.2"
    lasso-caching-fs "^1.0.1"
    lasso-modules-client "^2.0.4"
    lasso-package-root "^1.0.1"
    listener-tracker "^2.0.0"
    minimatch "^3.0.2"
    object-assign "^4.1.0"
    property-handlers "^1.0.0"
    raptor-json "^1.0.1"
    raptor-polyfill "^1.0.0"
    raptor-promises "^1.0.1"
    raptor-regexp "^1.0.0"
    raptor-util "^3.2.0"
    resolve-from "^2.0.0"
    shorthash "0.0.2"
    simple-sha1 "^2.1.0"
    strip-json-comments "^2.0.1"
    try-require "^1.2.1"
    warp10 "^1.0.0"

minimatch@^3.0.2:
  version "3.0.4"
  resolved "https://registry.yarnpkg.com/minimatch/-/minimatch-3.0.4.tgz#5166e286457f03306064be5497e8dbb0c3d32083"
  dependencies:
    brace-expansion "^1.1.7"

object-assign@^4.1.0:
  version "4.1.1"
  resolved "https://registry.yarnpkg.com/object-assign/-/object-assign-4.1.1.tgz#2109adc7965887cfc05cbbd442cac8bfbb360863"

optionator@^0.8.1:
  version "0.8.2"
  resolved "https://registry.yarnpkg.com/optionator/-/optionator-0.8.2.tgz#364c5e409d3f4d6301d6c0b4c05bba50180aeb64"
  dependencies:
    deep-is "~0.1.3"
    fast-levenshtein "~2.0.4"
    levn "~0.3.0"
    prelude-ls "~1.1.2"
    type-check "~0.3.2"
    wordwrap "~1.0.0"

prelude-ls@~1.1.2:
  version "1.1.2"
  resolved "https://registry.yarnpkg.com/prelude-ls/-/prelude-ls-1.1.2.tgz#21932a549f5e52ffd9a827f570e04be62a97da54"

property-handlers@^1.0.0:
  version "1.1.1"
  resolved "https://registry.yarnpkg.com/property-handlers/-/property-handlers-1.1.1.tgz#cb20d322aab7d94fffac28f46c9186bd5947b4b4"

q@^1.0.1:
  version "1.5.1"
  resolved "https://registry.yarnpkg.com/q/-/q-1.5.1.tgz#7e32f75b41381291d04611f1bf14109ac00651d7"

raptor-async@^1.1.2:
  version "1.1.3"
  resolved "https://registry.yarnpkg.com/raptor-async/-/raptor-async-1.1.3.tgz#b83c3c9b603dc985c2c3a9f78d2b4073e6f6024c"

raptor-json@^1.0.1:
  version "1.1.0"
  resolved "https://registry.yarnpkg.com/raptor-json/-/raptor-json-1.1.0.tgz#70bd09b14e64f7d32ec50cce8377d6029c0f0876"
  dependencies:
    raptor-strings "^1.0.0"

raptor-polyfill@^1.0.0, raptor-polyfill@^1.0.1, raptor-polyfill@^1.0.2:
  version "1.0.2"
  resolved "https://registry.yarnpkg.com/raptor-polyfill/-/raptor-polyfill-1.0.2.tgz#6575bce762540d844056d71cef11662488f513ed"

raptor-promises@^1.0.1:
  version "1.0.3"
  resolved "https://registry.yarnpkg.com/raptor-promises/-/raptor-promises-1.0.3.tgz#d576b110e0423654f7fdf1721e28d42e4dc3c0eb"
  dependencies:
    q "^1.0.1"
    raptor-util "^1.0.0"

raptor-regexp@^1.0.0:
  version "1.0.1"
  resolved "https://registry.yarnpkg.com/raptor-regexp/-/raptor-regexp-1.0.1.tgz#ecf0f66c6671c0cd9f5e48c3705026c5509995c0"

raptor-strings@^1.0.0:
  version "1.0.2"
  resolved "https://registry.yarnpkg.com/raptor-strings/-/raptor-strings-1.0.2.tgz#92ce2cb0153afe90470d8039a0255b4cf33ab5fc"
  dependencies:
    raptor-polyfill "^1.0.1"

raptor-util@^1.0.0:
  version "1.1.2"
  resolved "https://registry.yarnpkg.com/raptor-util/-/raptor-util-1.1.2.tgz#f2ee8076a9ae3eae2e65672e46a220074fa2dff3"

raptor-util@^3.2.0:
  version "3.2.0"
  resolved "https://registry.yarnpkg.com/raptor-util/-/raptor-util-3.2.0.tgz#23b0c803c8f1ac8a1cae67d9a6388b49161c9758"

resolve-from@^1.0.1:
  version "1.0.1"
  resolved "https://registry.yarnpkg.com/resolve-from/-/resolve-from-1.0.1.tgz#26cbfe935d1aeeeabb29bc3fe5aeb01e93d44226"

resolve-from@^2.0.0:
  version "2.0.0"
  resolved "https://registry.yarnpkg.com/resolve-from/-/resolve-from-2.0.0.tgz#9480ab20e94ffa1d9e80a804c7ea147611966b57"

rusha@^0.8.1:
  version "0.8.9"
  resolved "https://registry.yarnpkg.com/rusha/-/rusha-0.8.9.tgz#77bd0951608bf81cedb948cec9c44d8ce5662219"

shorthash@0.0.2:
  version "0.0.2"
  resolved "https://registry.yarnpkg.com/shorthash/-/shorthash-0.0.2.tgz#59b268eecbde59038b30da202bcfbddeb2c4a4eb"

simple-sha1@^2.1.0:
  version "2.1.0"
  resolved "https://registry.yarnpkg.com/simple-sha1/-/simple-sha1-2.1.0.tgz#9427bb96ff1263cc10a8414cedd51a18b919e8b3"
  dependencies:
    rusha "^0.8.1"

source-map@~0.5.6:
  version "0.5.7"
  resolved "https://registry.yarnpkg.com/source-map/-/source-map-0.5.7.tgz#8a039d2d1021d22d1ea14c80d8ea468ba2ef3fcc"

stackframe@^1.0.3:
  version "1.0.4"
  resolved "https://registry.yarnpkg.com/stackframe/-/stackframe-1.0.4.tgz#357b24a992f9427cba6b545d96a14ed2cbca187b"

strip-json-comments@^2.0.1:
  version "2.0.1"
  resolved "https://registry.yarnpkg.com/strip-json-comments/-/strip-json-comments-2.0.1.tgz#3c531942e908c2697c0ec344858c286c7ca0a60a"

try-require@^1.2.1:
  version "1.2.1"
  resolved "https://registry.yarnpkg.com/try-require/-/try-require-1.2.1.tgz#34489a2cac0c09c1cc10ed91ba011594d4333be2"

type-check@~0.3.2:
  version "0.3.2"
  resolved "https://registry.yarnpkg.com/type-check/-/type-check-0.3.2.tgz#5884cab512cf1d355e3fb784f30804b2b520db72"
  dependencies:
    prelude-ls "~1.1.2"

type-detect@0.1.1:
  version "0.1.1"
  resolved "https://registry.yarnpkg.com/type-detect/-/type-detect-0.1.1.tgz#0ba5ec2a885640e470ea4e8505971900dac58822"

type-detect@^1.0.0:
  version "1.0.0"
  resolved "https://registry.yarnpkg.com/type-detect/-/type-detect-1.0.0.tgz#762217cc06db258ec48908a1298e8b95121e8ea2"

warp10@^1.0.0:
  version "1.3.6"
  resolved "https://registry.yarnpkg.com/warp10/-/warp10-1.3.6.tgz#edffff4f06382d2e469ba88ccfcb95bb81d3bda6"

wordwrap@~1.0.0:
  version "1.0.0"
  resolved "https://registry.yarnpkg.com/wordwrap/-/wordwrap-1.0.0.tgz#27584810891456a4171c8d0226441ade90cbcaeb"
